
Microsoft Visual Studio Solution File, Format Version 12.00
# Visual Studio 15
VisualStudioVersion = 15.0.27130.2036
MinimumVisualStudioVersion = 10.0.40219.1
Project("{FAE04EC0-301F-11D3-BF4B-00C04F79EFBC}") = "Задача 11", "Задача 11\Задача 11.csproj", "{957EE9E2-6C27-4EA7-BE7A-5B022EDAEF70}"
EndProject
Global
	GlobalSection(SolutionConfigurationPlatforms) = preSolution
		Debug|Any CPU = Debug|Any CPU
		Release|Any CPU = Release|Any CPU
	EndGlobalSection
	GlobalSection(ProjectConfigurationPlatforms) = postSolution
		{957EE9E2-6C27-4EA7-BE7A-5B022EDAEF70}.Debug|Any CPU.ActiveCfg = Debug|Any CPU
		{957EE9E2-6C27-4EA7-BE7A-5B022EDAEF70}.Debug|Any CPU.Build.0 = Debug|Any CPU
		{957EE9E2-6C27-4EA7-BE7A-5B022EDAEF70}.Release|Any CPU.ActiveCfg = Release|Any CPU
		{957EE9E2-6C27-4EA7-BE7A-5B022EDAEF70}.Release|Any CPU.Build.0 = Release|Any CPU
	EndGlobalSection
	GlobalSection(SolutionProperties) = preSolution
		HideSolutionNode = FALSE
	EndGlobalSection
	GlobalSection(ExtensibilityGlobals) = postSolution
		SolutionGuid = {ADDFFDFA-5982-4DD7-A6C3-EA785D39E85A}
	EndGlobalSection
EndGlobal
